// !$*UTF8*$!
{
	archiveVersion = 1;
	classes = {
	};
	objectVersion = 56;
	objects = {

/* Begin PBXBuildFile section */
		042487802D8E426F00963A7C /* AppDelegate.swift in Sources */ = {isa = PBXBuildFile; fileRef = 0424877F2D8E426F00963A7C /* AppDelegate.swift */; };
		042487822D8E426F00963A7C /* SceneDelegate.swift in Sources */ = {isa = PBXBuildFile; fileRef = 042487812D8E426F00963A7C /* SceneDelegate.swift */; };
		042487892D8E427100963A7C /* Assets.xcassets in Resources */ = {isa = PBXBuildFile; fileRef = 042487882D8E427100963A7C /* Assets.xcassets */; };
		0424878C2D8E427100963A7C /* Base in Resources */ = {isa = PBXBuildFile; fileRef = 0424878B2D8E427100963A7C /* Base */; };
		042487972D8E427100963A7C /* MovieBoxTests.swift in Sources */ = {isa = PBXBuildFile; fileRef = 042487962D8E427100963A7C /* MovieBoxTests.swift */; };
		042487A12D8E427100963A7C /* MovieBoxUITests.swift in Sources */ = {isa = PBXBuildFile; fileRef = 042487A02D8E427100963A7C /* MovieBoxUITests.swift */; };
		042487A32D8E427100963A7C /* MovieBoxUITestsLaunchTests.swift in Sources */ = {isa = PBXBuildFile; fileRef = 042487A22D8E427100963A7C /* MovieBoxUITestsLaunchTests.swift */; };
		042487C02D8EC12000963A7C /* HomeViewController.swift in Sources */ = {isa = PBXBuildFile; fileRef = 042487BE2D8EC12000963A7C /* HomeViewController.swift */; };
		042487C12D8EC12000963A7C /* HomeViewController.xib in Resources */ = {isa = PBXBuildFile; fileRef = 042487BF2D8EC12000963A7C /* HomeViewController.xib */; };
		042487C42D8EC13800963A7C /* FavoriteViewController.swift in Sources */ = {isa = PBXBuildFile; fileRef = 042487C22D8EC13800963A7C /* FavoriteViewController.swift */; };
		042487C52D8EC13800963A7C /* FavoriteViewController.xib in Resources */ = {isa = PBXBuildFile; fileRef = 042487C32D8EC13800963A7C /* FavoriteViewController.xib */; };
		042487C82D8EC14700963A7C /* SettingViewController.swift in Sources */ = {isa = PBXBuildFile; fileRef = 042487C62D8EC14700963A7C /* SettingViewController.swift */; };
		042487C92D8EC14700963A7C /* SettingViewController.xib in Resources */ = {isa = PBXBuildFile; fileRef = 042487C72D8EC14700963A7C /* SettingViewController.xib */; };
		042487CB2D8EC15000963A7C /* HomeViewModel.swift in Sources */ = {isa = PBXBuildFile; fileRef = 042487CA2D8EC15000963A7C /* HomeViewModel.swift */; };
		042487CD2D8EC15F00963A7C /* FavoriteViewModel.swift in Sources */ = {isa = PBXBuildFile; fileRef = 042487CC2D8EC15F00963A7C /* FavoriteViewModel.swift */; };
		042487CF2D8EC16900963A7C /* SettingViewModel.swift in Sources */ = {isa = PBXBuildFile; fileRef = 042487CE2D8EC16900963A7C /* SettingViewModel.swift */; };
		042487D22D8EC19A00963A7C /* Bindable.swift in Sources */ = {isa = PBXBuildFile; fileRef = 042487D12D8EC19A00963A7C /* Bindable.swift */; };
		042487D42D8EC1BB00963A7C /* BaseViewController.swift in Sources */ = {isa = PBXBuildFile; fileRef = 042487D32D8EC1BB00963A7C /* BaseViewController.swift */; };
		042487D82D8EC30700963A7C /* HomeUseCase.swift in Sources */ = {isa = PBXBuildFile; fileRef = 042487D72D8EC30700963A7C /* HomeUseCase.swift */; };
		042487DA2D8EC31200963A7C /* HomeNavigator.swift in Sources */ = {isa = PBXBuildFile; fileRef = 042487D92D8EC31200963A7C /* HomeNavigator.swift */; };
		042487DC2D8EC31C00963A7C /* FavoriteUseCase.swift in Sources */ = {isa = PBXBuildFile; fileRef = 042487DB2D8EC31C00963A7C /* FavoriteUseCase.swift */; };
		042487DE2D8EC32600963A7C /* FavoriteNavigator.swift in Sources */ = {isa = PBXBuildFile; fileRef = 042487DD2D8EC32600963A7C /* FavoriteNavigator.swift */; };
		042487E02D8EC32F00963A7C /* SettingUseCase.swift in Sources */ = {isa = PBXBuildFile; fileRef = 042487DF2D8EC32F00963A7C /* SettingUseCase.swift */; };
		042487E22D8EC33A00963A7C /* SettingNavigator.swift in Sources */ = {isa = PBXBuildFile; fileRef = 042487E12D8EC33A00963A7C /* SettingNavigator.swift */; };
		042487E42D8EC6D300963A7C /* TabbarItems.swift in Sources */ = {isa = PBXBuildFile; fileRef = 042487E32D8EC6D300963A7C /* TabbarItems.swift */; };
		042487E62D8EC6E000963A7C /* TabbarViewController.swift in Sources */ = {isa = PBXBuildFile; fileRef = 042487E52D8EC6E000963A7C /* TabbarViewController.swift */; };
		042487E82D8EC77700963A7C /* BaseNavigationController.swift in Sources */ = {isa = PBXBuildFile; fileRef = 042487E72D8EC77700963A7C /* BaseNavigationController.swift */; };
		042487EC2D8FEADB00963A7C /* MovieResponse.swift in Sources */ = {isa = PBXBuildFile; fileRef = 042487EB2D8FEADB00963A7C /* MovieResponse.swift */; };
		042487EE2D8FEAE900963A7C /* Movie.swift in Sources */ = {isa = PBXBuildFile; fileRef = 042487ED2D8FEAE900963A7C /* Movie.swift */; };
		042487F02D8FEB2900963A7C /* Video.swift in Sources */ = {isa = PBXBuildFile; fileRef = 042487EF2D8FEB2900963A7C /* Video.swift */; };
		042487F22D8FEB3900963A7C /* VideoResponse.swift in Sources */ = {isa = PBXBuildFile; fileRef = 042487F12D8FEB3900963A7C /* VideoResponse.swift */; };
		042487F42D8FEB5800963A7C /* MovieCredits.swift in Sources */ = {isa = PBXBuildFile; fileRef = 042487F32D8FEB5800963A7C /* MovieCredits.swift */; };
		042487F62D8FEB8200963A7C /* Credits.swift in Sources */ = {isa = PBXBuildFile; fileRef = 042487F52D8FEB8200963A7C /* Credits.swift */; };
		042487F82D8FEB8F00963A7C /* Cast.swift in Sources */ = {isa = PBXBuildFile; fileRef = 042487F72D8FEB8F00963A7C /* Cast.swift */; };
		042487FC2D8FEBE500963A7C /* APIService.swift in Sources */ = {isa = PBXBuildFile; fileRef = 042487FB2D8FEBE500963A7C /* APIService.swift */; };
		042487FE2D8FEC0E00963A7C /* NetworkMonitor.swift in Sources */ = {isa = PBXBuildFile; fileRef = 042487FD2D8FEC0E00963A7C /* NetworkMonitor.swift */; };
		042488002D8FEC4900963A7C /* Urls.swift in Sources */ = {isa = PBXBuildFile; fileRef = 042487FF2D8FEC4900963A7C /* Urls.swift */; };
		042488042D903FCB00963A7C /* MovieRepository.swift in Sources */ = {isa = PBXBuildFile; fileRef = 042488032D903FCB00963A7C /* MovieRepository.swift */; };
		042488062D903FF400963A7C /* Actor.swift in Sources */ = {isa = PBXBuildFile; fileRef = 042488052D903FF400963A7C /* Actor.swift */; };
		0424880C2D9042F300963A7C /* ListMovieTableViewCell.swift in Sources */ = {isa = PBXBuildFile; fileRef = 0424880A2D9042F300963A7C /* ListMovieTableViewCell.swift */; };
		0424880D2D9042F300963A7C /* ListMovieTableViewCell.xib in Resources */ = {isa = PBXBuildFile; fileRef = 0424880B2D9042F300963A7C /* ListMovieTableViewCell.xib */; };
		042488112D90431300963A7C /* MovieCollectionViewCell.swift in Sources */ = {isa = PBXBuildFile; fileRef = 0424880F2D90431300963A7C /* MovieCollectionViewCell.swift */; };
		042488122D90431300963A7C /* MovieCollectionViewCell.xib in Resources */ = {isa = PBXBuildFile; fileRef = 042488102D90431300963A7C /* MovieCollectionViewCell.xib */; };
		042488142D9044F000963A7C /* UIImageView+Extension.swift in Sources */ = {isa = PBXBuildFile; fileRef = 042488132D9044F000963A7C /* UIImageView+Extension.swift */; };
		042488162D904C4400963A7C /* UIViewController+Extension.swift in Sources */ = {isa = PBXBuildFile; fileRef = 042488152D904C4400963A7C /* UIViewController+Extension.swift */; };
		042488182D904DFD00963A7C /* HomeSectionType.swift in Sources */ = {isa = PBXBuildFile; fileRef = 042488172D904DFD00963A7C /* HomeSectionType.swift */; };
		0424881C2D90585800963A7C /* SearchCell.swift in Sources */ = {isa = PBXBuildFile; fileRef = 0424881A2D90585800963A7C /* SearchCell.swift */; };
		0424881D2D90585800963A7C /* SearchCell.xib in Resources */ = {isa = PBXBuildFile; fileRef = 0424881B2D90585800963A7C /* SearchCell.xib */; };
		0424881F2D9059DD00963A7C /* MovieHeader.swift in Sources */ = {isa = PBXBuildFile; fileRef = 0424881E2D9059DD00963A7C /* MovieHeader.swift */; };
		042488212D905A0000963A7C /* MovieHeader.xib in Resources */ = {isa = PBXBuildFile; fileRef = 042488202D905A0000963A7C /* MovieHeader.xib */; };
		042488252D90EAA900963A7C /* MovieDetailViewController.xib in Resources */ = {isa = PBXBuildFile; fileRef = 042488242D90EAA900963A7C /* MovieDetailViewController.xib */; };
		042488262D90EAA900963A7C /* MovieDetailViewController.swift in Sources */ = {isa = PBXBuildFile; fileRef = 042488232D90EAA900963A7C /* MovieDetailViewController.swift */; };
		042488282D90EAB300963A7C /* MovieDetailViewModel.swift in Sources */ = {isa = PBXBuildFile; fileRef = 042488272D90EAB300963A7C /* MovieDetailViewModel.swift */; };
		0424882A2D90EABF00963A7C /* MovieDetailUseCase.swift in Sources */ = {isa = PBXBuildFile; fileRef = 042488292D90EABF00963A7C /* MovieDetailUseCase.swift */; };
		0424882C2D90EAC900963A7C /* MovieDetailNavigator.swift in Sources */ = {isa = PBXBuildFile; fileRef = 0424882B2D90EAC900963A7C /* MovieDetailNavigator.swift */; };
		042488302D90ED7300963A7C /* ListMovieViewController.xib in Resources */ = {isa = PBXBuildFile; fileRef = 0424882F2D90ED7300963A7C /* ListMovieViewController.xib */; };
		042488312D90ED7300963A7C /* ListMovieViewController.swift in Sources */ = {isa = PBXBuildFile; fileRef = 0424882E2D90ED7300963A7C /* ListMovieViewController.swift */; };
		042488332D90ED8800963A7C /* ListMovieViewModel.swift in Sources */ = {isa = PBXBuildFile; fileRef = 042488322D90ED8800963A7C /* ListMovieViewModel.swift */; };
		042488352D90ED9200963A7C /* ListMovieUseCase.swift in Sources */ = {isa = PBXBuildFile; fileRef = 042488342D90ED9200963A7C /* ListMovieUseCase.swift */; };
		042488372D90ED9C00963A7C /* ListMovieNavigator.swift in Sources */ = {isa = PBXBuildFile; fileRef = 042488362D90ED9C00963A7C /* ListMovieNavigator.swift */; };
		042488392D90F4F600963A7C /* Constants.swift in Sources */ = {isa = PBXBuildFile; fileRef = 042488382D90F4F600963A7C /* Constants.swift */; };
		0424883B2D91018900963A7C /* CoreDataManager.swift in Sources */ = {isa = PBXBuildFile; fileRef = 0424883A2D91018900963A7C /* CoreDataManager.swift */; };
		042488422D91042600963A7C /* MovieDetailInfoCell.xib in Resources */ = {isa = PBXBuildFile; fileRef = 042488412D91042600963A7C /* MovieDetailInfoCell.xib */; };
		042488432D91042600963A7C /* MovieDetailInfoCell.swift in Sources */ = {isa = PBXBuildFile; fileRef = 042488402D91042600963A7C /* MovieDetailInfoCell.swift */; };
		042488482D91052F00963A7C /* TrailerCell.xib in Resources */ = {isa = PBXBuildFile; fileRef = 042488472D91052F00963A7C /* TrailerCell.xib */; };
		042488492D91052F00963A7C /* TrailerCell.swift in Sources */ = {isa = PBXBuildFile; fileRef = 042488462D91052F00963A7C /* TrailerCell.swift */; };
		0424884C2D91054200963A7C /* SimilarCell.xib in Resources */ = {isa = PBXBuildFile; fileRef = 0424884B2D91054200963A7C /* SimilarCell.xib */; };
		0424884D2D91054200963A7C /* SimilarCell.swift in Sources */ = {isa = PBXBuildFile; fileRef = 0424884A2D91054200963A7C /* SimilarCell.swift */; };
		0424884F2D91089600963A7C /* MovieDetailSectionType.swift in Sources */ = {isa = PBXBuildFile; fileRef = 0424884E2D91089600963A7C /* MovieDetailSectionType.swift */; };
		042488522D910C4F00963A7C /* MovieFavor.xcdatamodeld in Sources */ = {isa = PBXBuildFile; fileRef = 042488502D910C4E00963A7C /* MovieFavor.xcdatamodeld */; };
		047A4A4F2D911558007F1A23 /* FavoriteMovieCell.xib in Resources */ = {isa = PBXBuildFile; fileRef = 047A4A4E2D911558007F1A23 /* FavoriteMovieCell.xib */; };
		047A4A502D911558007F1A23 /* FavoriteMovieCell.swift in Sources */ = {isa = PBXBuildFile; fileRef = 047A4A4D2D911558007F1A23 /* FavoriteMovieCell.swift */; };
/* End PBXBuildFile section */

/* Begin PBXContainerItemProxy section */
		042487932D8E427100963A7C /* PBXContainerItemProxy */ = {
			isa = PBXContainerItemProxy;
			containerPortal = 042487742D8E426F00963A7C /* Project object */;
			proxyType = 1;
			remoteGlobalIDString = 0424877B2D8E426F00963A7C;
			remoteInfo = MovieBox;
		};
		0424879D2D8E427100963A7C /* PBXContainerItemProxy */ = {
			isa = PBXContainerItemProxy;
			containerPortal = 042487742D8E426F00963A7C /* Project object */;
			proxyType = 1;
			remoteGlobalIDString = 0424877B2D8E426F00963A7C;
			remoteInfo = MovieBox;
		};
/* End PBXContainerItemProxy section */

/* Begin PBXFileReference section */
		0424877C2D8E426F00963A7C /* MovieBox.app */ = {isa = PBXFileReference; explicitFileType = wrapper.application; includeInIndex = 0; path = MovieBox.app; sourceTree = BUILT_PRODUCTS_DIR; };
		0424877F2D8E426F00963A7C /* AppDelegate.swift */ = {isa = PBXFileReference; lastKnownFileType = sourcecode.swift; path = AppDelegate.swift; sourceTree = "<group>"; };
		042487812D8E426F00963A7C /* SceneDelegate.swift */ = {isa = PBXFileReference; lastKnownFileType = sourcecode.swift; path = SceneDelegate.swift; sourceTree = "<group>"; };
		042487882D8E427100963A7C /* Assets.xcassets */ = {isa = PBXFileReference; lastKnownFileType = folder.assetcatalog; path = Assets.xcassets; sourceTree = "<group>"; };
		0424878B2D8E427100963A7C /* Base */ = {isa = PBXFileReference; lastKnownFileType = file.storyboard; name = Base; path = Base.lproj/LaunchScreen.storyboard; sourceTree = "<group>"; };
		0424878D2D8E427100963A7C /* Info.plist */ = {isa = PBXFileReference; lastKnownFileType = text.plist.xml; path = Info.plist; sourceTree = "<group>"; };
		042487922D8E427100963A7C /* MovieBoxTests.xctest */ = {isa = PBXFileReference; explicitFileType = wrapper.cfbundle; includeInIndex = 0; path = MovieBoxTests.xctest; sourceTree = BUILT_PRODUCTS_DIR; };
		042487962D8E427100963A7C /* MovieBoxTests.swift */ = {isa = PBXFileReference; lastKnownFileType = sourcecode.swift; path = MovieBoxTests.swift; sourceTree = "<group>"; };
		0424879C2D8E427100963A7C /* MovieBoxUITests.xctest */ = {isa = PBXFileReference; explicitFileType = wrapper.cfbundle; includeInIndex = 0; path = MovieBoxUITests.xctest; sourceTree = BUILT_PRODUCTS_DIR; };
		042487A02D8E427100963A7C /* MovieBoxUITests.swift */ = {isa = PBXFileReference; lastKnownFileType = sourcecode.swift; path = MovieBoxUITests.swift; sourceTree = "<group>"; };
		042487A22D8E427100963A7C /* MovieBoxUITestsLaunchTests.swift */ = {isa = PBXFileReference; lastKnownFileType = sourcecode.swift; path = MovieBoxUITestsLaunchTests.swift; sourceTree = "<group>"; };
		042487BE2D8EC12000963A7C /* HomeViewController.swift */ = {isa = PBXFileReference; lastKnownFileType = sourcecode.swift; path = HomeViewController.swift; sourceTree = "<group>"; };
		042487BF2D8EC12000963A7C /* HomeViewController.xib */ = {isa = PBXFileReference; lastKnownFileType = file.xib; path = HomeViewController.xib; sourceTree = "<group>"; };
		042487C22D8EC13800963A7C /* FavoriteViewController.swift */ = {isa = PBXFileReference; lastKnownFileType = sourcecode.swift; path = FavoriteViewController.swift; sourceTree = "<group>"; };
		042487C32D8EC13800963A7C /* FavoriteViewController.xib */ = {isa = PBXFileReference; lastKnownFileType = file.xib; path = FavoriteViewController.xib; sourceTree = "<group>"; };
		042487C62D8EC14700963A7C /* SettingViewController.swift */ = {isa = PBXFileReference; lastKnownFileType = sourcecode.swift; path = SettingViewController.swift; sourceTree = "<group>"; };
		042487C72D8EC14700963A7C /* SettingViewController.xib */ = {isa = PBXFileReference; lastKnownFileType = file.xib; path = SettingViewController.xib; sourceTree = "<group>"; };
		042487CA2D8EC15000963A7C /* HomeViewModel.swift */ = {isa = PBXFileReference; lastKnownFileType = sourcecode.swift; path = HomeViewModel.swift; sourceTree = "<group>"; };
		042487CC2D8EC15F00963A7C /* FavoriteViewModel.swift */ = {isa = PBXFileReference; lastKnownFileType = sourcecode.swift; path = FavoriteViewModel.swift; sourceTree = "<group>"; };
		042487CE2D8EC16900963A7C /* SettingViewModel.swift */ = {isa = PBXFileReference; lastKnownFileType = sourcecode.swift; path = SettingViewModel.swift; sourceTree = "<group>"; };
		042487D12D8EC19A00963A7C /* Bindable.swift */ = {isa = PBXFileReference; lastKnownFileType = sourcecode.swift; path = Bindable.swift; sourceTree = "<group>"; };
		042487D32D8EC1BB00963A7C /* BaseViewController.swift */ = {isa = PBXFileReference; lastKnownFileType = sourcecode.swift; path = BaseViewController.swift; sourceTree = "<group>"; };
		042487D72D8EC30700963A7C /* HomeUseCase.swift */ = {isa = PBXFileReference; lastKnownFileType = sourcecode.swift; path = HomeUseCase.swift; sourceTree = "<group>"; };
		042487D92D8EC31200963A7C /* HomeNavigator.swift */ = {isa = PBXFileReference; lastKnownFileType = sourcecode.swift; path = HomeNavigator.swift; sourceTree = "<group>"; };
		042487DB2D8EC31C00963A7C /* FavoriteUseCase.swift */ = {isa = PBXFileReference; lastKnownFileType = sourcecode.swift; path = FavoriteUseCase.swift; sourceTree = "<group>"; };
		042487DD2D8EC32600963A7C /* FavoriteNavigator.swift */ = {isa = PBXFileReference; lastKnownFileType = sourcecode.swift; path = FavoriteNavigator.swift; sourceTree = "<group>"; };
		042487DF2D8EC32F00963A7C /* SettingUseCase.swift */ = {isa = PBXFileReference; lastKnownFileType = sourcecode.swift; path = SettingUseCase.swift; sourceTree = "<group>"; };
		042487E12D8EC33A00963A7C /* SettingNavigator.swift */ = {isa = PBXFileReference; lastKnownFileType = sourcecode.swift; path = SettingNavigator.swift; sourceTree = "<group>"; };
		042487E32D8EC6D300963A7C /* TabbarItems.swift */ = {isa = PBXFileReference; lastKnownFileType = sourcecode.swift; path = TabbarItems.swift; sourceTree = "<group>"; };
		042487E52D8EC6E000963A7C /* TabbarViewController.swift */ = {isa = PBXFileReference; lastKnownFileType = sourcecode.swift; path = TabbarViewController.swift; sourceTree = "<group>"; };
		042487E72D8EC77700963A7C /* BaseNavigationController.swift */ = {isa = PBXFileReference; lastKnownFileType = sourcecode.swift; path = BaseNavigationController.swift; sourceTree = "<group>"; };
		042487EB2D8FEADB00963A7C /* MovieResponse.swift */ = {isa = PBXFileReference; lastKnownFileType = sourcecode.swift; path = MovieResponse.swift; sourceTree = "<group>"; };
		042487ED2D8FEAE900963A7C /* Movie.swift */ = {isa = PBXFileReference; lastKnownFileType = sourcecode.swift; path = Movie.swift; sourceTree = "<group>"; };
		042487EF2D8FEB2900963A7C /* Video.swift */ = {isa = PBXFileReference; lastKnownFileType = sourcecode.swift; path = Video.swift; sourceTree = "<group>"; };
		042487F12D8FEB3900963A7C /* VideoResponse.swift */ = {isa = PBXFileReference; lastKnownFileType = sourcecode.swift; path = VideoResponse.swift; sourceTree = "<group>"; };
		042487F32D8FEB5800963A7C /* MovieCredits.swift */ = {isa = PBXFileReference; lastKnownFileType = sourcecode.swift; path = MovieCredits.swift; sourceTree = "<group>"; };
		042487F52D8FEB8200963A7C /* Credits.swift */ = {isa = PBXFileReference; lastKnownFileType = sourcecode.swift; path = Credits.swift; sourceTree = "<group>"; };
		042487F72D8FEB8F00963A7C /* Cast.swift */ = {isa = PBXFileReference; lastKnownFileType = sourcecode.swift; path = Cast.swift; sourceTree = "<group>"; };
		042487FB2D8FEBE500963A7C /* APIService.swift */ = {isa = PBXFileReference; lastKnownFileType = sourcecode.swift; path = APIService.swift; sourceTree = "<group>"; };
		042487FD2D8FEC0E00963A7C /* NetworkMonitor.swift */ = {isa = PBXFileReference; lastKnownFileType = sourcecode.swift; path = NetworkMonitor.swift; sourceTree = "<group>"; };
		042487FF2D8FEC4900963A7C /* Urls.swift */ = {isa = PBXFileReference; lastKnownFileType = sourcecode.swift; path = Urls.swift; sourceTree = "<group>"; };
		042488032D903FCB00963A7C /* MovieRepository.swift */ = {isa = PBXFileReference; lastKnownFileType = sourcecode.swift; path = MovieRepository.swift; sourceTree = "<group>"; };
		042488052D903FF400963A7C /* Actor.swift */ = {isa = PBXFileReference; lastKnownFileType = sourcecode.swift; path = Actor.swift; sourceTree = "<group>"; };
		0424880A2D9042F300963A7C /* ListMovieTableViewCell.swift */ = {isa = PBXFileReference; lastKnownFileType = sourcecode.swift; path = ListMovieTableViewCell.swift; sourceTree = "<group>"; };
		0424880B2D9042F300963A7C /* ListMovieTableViewCell.xib */ = {isa = PBXFileReference; lastKnownFileType = file.xib; path = ListMovieTableViewCell.xib; sourceTree = "<group>"; };
		0424880F2D90431300963A7C /* MovieCollectionViewCell.swift */ = {isa = PBXFileReference; lastKnownFileType = sourcecode.swift; path = MovieCollectionViewCell.swift; sourceTree = "<group>"; };
		042488102D90431300963A7C /* MovieCollectionViewCell.xib */ = {isa = PBXFileReference; lastKnownFileType = file.xib; path = MovieCollectionViewCell.xib; sourceTree = "<group>"; };
		042488132D9044F000963A7C /* UIImageView+Extension.swift */ = {isa = PBXFileReference; lastKnownFileType = sourcecode.swift; path = "UIImageView+Extension.swift"; sourceTree = "<group>"; };
		042488152D904C4400963A7C /* UIViewController+Extension.swift */ = {isa = PBXFileReference; lastKnownFileType = sourcecode.swift; path = "UIViewController+Extension.swift"; sourceTree = "<group>"; };
		042488172D904DFD00963A7C /* HomeSectionType.swift */ = {isa = PBXFileReference; lastKnownFileType = sourcecode.swift; path = HomeSectionType.swift; sourceTree = "<group>"; };
		042488192D904F5900963A7C /* AppConfig.xcconfig */ = {isa = PBXFileReference; lastKnownFileType = text.xcconfig; path = AppConfig.xcconfig; sourceTree = "<group>"; };
		0424881A2D90585800963A7C /* SearchCell.swift */ = {isa = PBXFileReference; lastKnownFileType = sourcecode.swift; path = SearchCell.swift; sourceTree = "<group>"; };
		0424881B2D90585800963A7C /* SearchCell.xib */ = {isa = PBXFileReference; lastKnownFileType = file.xib; path = SearchCell.xib; sourceTree = "<group>"; };
		0424881E2D9059DD00963A7C /* MovieHeader.swift */ = {isa = PBXFileReference; lastKnownFileType = sourcecode.swift; path = MovieHeader.swift; sourceTree = "<group>"; };
		042488202D905A0000963A7C /* MovieHeader.xib */ = {isa = PBXFileReference; lastKnownFileType = file.xib; path = MovieHeader.xib; sourceTree = "<group>"; };
		042488232D90EAA900963A7C /* MovieDetailViewController.swift */ = {isa = PBXFileReference; lastKnownFileType = sourcecode.swift; path = MovieDetailViewController.swift; sourceTree = "<group>"; };
		042488242D90EAA900963A7C /* MovieDetailViewController.xib */ = {isa = PBXFileReference; lastKnownFileType = file.xib; path = MovieDetailViewController.xib; sourceTree = "<group>"; };
		042488272D90EAB300963A7C /* MovieDetailViewModel.swift */ = {isa = PBXFileReference; lastKnownFileType = sourcecode.swift; path = MovieDetailViewModel.swift; sourceTree = "<group>"; };
		042488292D90EABF00963A7C /* MovieDetailUseCase.swift */ = {isa = PBXFileReference; lastKnownFileType = sourcecode.swift; path = MovieDetailUseCase.swift; sourceTree = "<group>"; };
		0424882B2D90EAC900963A7C /* MovieDetailNavigator.swift */ = {isa = PBXFileReference; lastKnownFileType = sourcecode.swift; path = MovieDetailNavigator.swift; sourceTree = "<group>"; };
		0424882E2D90ED7300963A7C /* ListMovieViewController.swift */ = {isa = PBXFileReference; lastKnownFileType = sourcecode.swift; path = ListMovieViewController.swift; sourceTree = "<group>"; };
		0424882F2D90ED7300963A7C /* ListMovieViewController.xib */ = {isa = PBXFileReference; lastKnownFileType = file.xib; path = ListMovieViewController.xib; sourceTree = "<group>"; };
		042488322D90ED8800963A7C /* ListMovieViewModel.swift */ = {isa = PBXFileReference; lastKnownFileType = sourcecode.swift; path = ListMovieViewModel.swift; sourceTree = "<group>"; };
		042488342D90ED9200963A7C /* ListMovieUseCase.swift */ = {isa = PBXFileReference; lastKnownFileType = sourcecode.swift; path = ListMovieUseCase.swift; sourceTree = "<group>"; };
		042488362D90ED9C00963A7C /* ListMovieNavigator.swift */ = {isa = PBXFileReference; lastKnownFileType = sourcecode.swift; path = ListMovieNavigator.swift; sourceTree = "<group>"; };
		042488382D90F4F600963A7C /* Constants.swift */ = {isa = PBXFileReference; lastKnownFileType = sourcecode.swift; path = Constants.swift; sourceTree = "<group>"; };
		0424883A2D91018900963A7C /* CoreDataManager.swift */ = {isa = PBXFileReference; lastKnownFileType = sourcecode.swift; path = CoreDataManager.swift; sourceTree = "<group>"; };
		042488402D91042600963A7C /* MovieDetailInfoCell.swift */ = {isa = PBXFileReference; lastKnownFileType = sourcecode.swift; path = MovieDetailInfoCell.swift; sourceTree = "<group>"; };
		042488412D91042600963A7C /* MovieDetailInfoCell.xib */ = {isa = PBXFileReference; lastKnownFileType = file.xib; path = MovieDetailInfoCell.xib; sourceTree = "<group>"; };
		042488462D91052F00963A7C /* TrailerCell.swift */ = {isa = PBXFileReference; lastKnownFileType = sourcecode.swift; path = TrailerCell.swift; sourceTree = "<group>"; };
		042488472D91052F00963A7C /* TrailerCell.xib */ = {isa = PBXFileReference; lastKnownFileType = file.xib; path = TrailerCell.xib; sourceTree = "<group>"; };
		0424884A2D91054200963A7C /* SimilarCell.swift */ = {isa = PBXFileReference; lastKnownFileType = sourcecode.swift; path = SimilarCell.swift; sourceTree = "<group>"; };
		0424884B2D91054200963A7C /* SimilarCell.xib */ = {isa = PBXFileReference; lastKnownFileType = file.xib; path = SimilarCell.xib; sourceTree = "<group>"; };
		0424884E2D91089600963A7C /* MovieDetailSectionType.swift */ = {isa = PBXFileReference; lastKnownFileType = sourcecode.swift; path = MovieDetailSectionType.swift; sourceTree = "<group>"; };
		042488512D910C4E00963A7C /* MovieFavor.xcdatamodel */ = {isa = PBXFileReference; lastKnownFileType = wrapper.xcdatamodel; path = MovieFavor.xcdatamodel; sourceTree = "<group>"; };
		047A4A4D2D911558007F1A23 /* FavoriteMovieCell.swift */ = {isa = PBXFileReference; lastKnownFileType = sourcecode.swift; path = FavoriteMovieCell.swift; sourceTree = "<group>"; };
		047A4A4E2D911558007F1A23 /* FavoriteMovieCell.xib */ = {isa = PBXFileReference; lastKnownFileType = file.xib; path = FavoriteMovieCell.xib; sourceTree = "<group>"; };
/* End PBXFileReference section */

/* Begin PBXFrameworksBuildPhase section */
		042487792D8E426F00963A7C /* Frameworks */ = {
			isa = PBXFrameworksBuildPhase;
			buildActionMask = 2147483647;
			files = (
			);
			runOnlyForDeploymentPostprocessing = 0;
		};
		0424878F2D8E427100963A7C /* Frameworks */ = {
			isa = PBXFrameworksBuildPhase;
			buildActionMask = 2147483647;
			files = (
			);
			runOnlyForDeploymentPostprocessing = 0;
		};
		042487992D8E427100963A7C /* Frameworks */ = {
			isa = PBXFrameworksBuildPhase;
			buildActionMask = 2147483647;
			files = (
			);
			runOnlyForDeploymentPostprocessing = 0;
		};
/* End PBXFrameworksBuildPhase section */

/* Begin PBXGroup section */
		042487732D8E426F00963A7C = {
			isa = PBXGroup;
			children = (
				042488502D910C4E00963A7C /* MovieFavor.xcdatamodeld */,
				042488192D904F5900963A7C /* AppConfig.xcconfig */,
				0424877E2D8E426F00963A7C /* MovieBox */,
				042487952D8E427100963A7C /* MovieBoxTests */,
				0424879F2D8E427100963A7C /* MovieBoxUITests */,
				0424877D2D8E426F00963A7C /* Products */,
			);
			sourceTree = "<group>";
		};
		0424877D2D8E426F00963A7C /* Products */ = {
			isa = PBXGroup;
			children = (
				0424877C2D8E426F00963A7C /* MovieBox.app */,
				042487922D8E427100963A7C /* MovieBoxTests.xctest */,
				0424879C2D8E427100963A7C /* MovieBoxUITests.xctest */,
			);
			name = Products;
			sourceTree = "<group>";
		};
		0424877E2D8E426F00963A7C /* MovieBox */ = {
			isa = PBXGroup;
			children = (
				0424877F2D8E426F00963A7C /* AppDelegate.swift */,
				042487812D8E426F00963A7C /* SceneDelegate.swift */,
				042487B62D8E6E2B00963A7C /* NetworkMonitor */,
				042487B52D8E6E2200963A7C /* Extensions */,
				042487B42D8E6E1600963A7C /* Utils */,
				042487B22D8E6E0400963A7C /* Resources */,
				042487B12D8E6DFD00963A7C /* Data */,
				042487B02D8E6DEF00963A7C /* Domain */,
				042487AF2D8E6DE500963A7C /* Scenes */,
				0424878D2D8E427100963A7C /* Info.plist */,
			);
			path = MovieBox;
			sourceTree = "<group>";
		};
		042487952D8E427100963A7C /* MovieBoxTests */ = {
			isa = PBXGroup;
			children = (
				042487962D8E427100963A7C /* MovieBoxTests.swift */,
			);
			path = MovieBoxTests;
			sourceTree = "<group>";
		};
		0424879F2D8E427100963A7C /* MovieBoxUITests */ = {
			isa = PBXGroup;
			children = (
				042487A02D8E427100963A7C /* MovieBoxUITests.swift */,
				042487A22D8E427100963A7C /* MovieBoxUITestsLaunchTests.swift */,
			);
			path = MovieBoxUITests;
			sourceTree = "<group>";
		};
		042487AF2D8E6DE500963A7C /* Scenes */ = {
			isa = PBXGroup;
			children = (
				0424882D2D90ED5D00963A7C /* ListMovie */,
				042487B92D8EC0AE00963A7C /* Storyboards */,
				042487B82D8EC0AA00963A7C /* Tabbar */,
				042487BD2D8EC0D800963A7C /* Home */,
				042488222D90EA8500963A7C /* MovieDetail */,
				042487BC2D8EC0D100963A7C /* Favorite */,
				042487BB2D8EC0C800963A7C /* Setting */,
			);
			path = Scenes;
			sourceTree = "<group>";
		};
		042487B02D8E6DEF00963A7C /* Domain */ = {
			isa = PBXGroup;
			children = (
				042487D62D8EC2DC00963A7C /* Repositories */,
				042487D52D8EC23500963A7C /* Entities */,
				042487D02D8EC18800963A7C /* Architecture */,
			);
			path = Domain;
			sourceTree = "<group>";
		};
		042487B12D8E6DFD00963A7C /* Data */ = {
			isa = PBXGroup;
			children = (
				042487FA2D8FEBD500963A7C /* API */,
				042487F92D8FEBCF00963A7C /* Local */,
			);
			path = Data;
			sourceTree = "<group>";
		};
		042487B22D8E6E0400963A7C /* Resources */ = {
			isa = PBXGroup;
			children = (
				042487882D8E427100963A7C /* Assets.xcassets */,
			);
			path = Resources;
			sourceTree = "<group>";
		};
		042487B42D8E6E1600963A7C /* Utils */ = {
			isa = PBXGroup;
			children = (
				042488172D904DFD00963A7C /* HomeSectionType.swift */,
				042488382D90F4F600963A7C /* Constants.swift */,
				0424884E2D91089600963A7C /* MovieDetailSectionType.swift */,
			);
			path = Utils;
			sourceTree = "<group>";
		};
		042487B52D8E6E2200963A7C /* Extensions */ = {
			isa = PBXGroup;
			children = (
				042488132D9044F000963A7C /* UIImageView+Extension.swift */,
				042488152D904C4400963A7C /* UIViewController+Extension.swift */,
			);
			path = Extensions;
			sourceTree = "<group>";
		};
		042487B62D8E6E2B00963A7C /* NetworkMonitor */ = {
			isa = PBXGroup;
			children = (
				042487FD2D8FEC0E00963A7C /* NetworkMonitor.swift */,
			);
			path = NetworkMonitor;
			sourceTree = "<group>";
		};
		042487B82D8EC0AA00963A7C /* Tabbar */ = {
			isa = PBXGroup;
			children = (
				042487E52D8EC6E000963A7C /* TabbarViewController.swift */,
				042487E32D8EC6D300963A7C /* TabbarItems.swift */,
			);
			path = Tabbar;
			sourceTree = "<group>";
		};
		042487B92D8EC0AE00963A7C /* Storyboards */ = {
			isa = PBXGroup;
			children = (
				0424878A2D8E427100963A7C /* LaunchScreen.storyboard */,
			);
			path = Storyboards;
			sourceTree = "<group>";
		};
		042487BB2D8EC0C800963A7C /* Setting */ = {
			isa = PBXGroup;
			children = (
				042487C62D8EC14700963A7C /* SettingViewController.swift */,
				042487C72D8EC14700963A7C /* SettingViewController.xib */,
				042487CE2D8EC16900963A7C /* SettingViewModel.swift */,
				042487DF2D8EC32F00963A7C /* SettingUseCase.swift */,
				042487E12D8EC33A00963A7C /* SettingNavigator.swift */,
			);
			path = Setting;
			sourceTree = "<group>";
		};
		042487BC2D8EC0D100963A7C /* Favorite */ = {
			isa = PBXGroup;
			children = (
				047A4A4C2D91151B007F1A23 /* FavoriteMovieCell */,
				042487C22D8EC13800963A7C /* FavoriteViewController.swift */,
				042487C32D8EC13800963A7C /* FavoriteViewController.xib */,
				042487CC2D8EC15F00963A7C /* FavoriteViewModel.swift */,
				042487DB2D8EC31C00963A7C /* FavoriteUseCase.swift */,
				042487DD2D8EC32600963A7C /* FavoriteNavigator.swift */,
			);
			path = Favorite;
			sourceTree = "<group>";
		};
		042487BD2D8EC0D800963A7C /* Home */ = {
			isa = PBXGroup;
			children = (
				042488092D9042DA00963A7C /* Cells */,
				042488082D9042D400963A7C /* MovieHeader */,
				042488072D9042C900963A7C /* SearchCell */,
				042487BE2D8EC12000963A7C /* HomeViewController.swift */,
				042487BF2D8EC12000963A7C /* HomeViewController.xib */,
				042487CA2D8EC15000963A7C /* HomeViewModel.swift */,
				042487D72D8EC30700963A7C /* HomeUseCase.swift */,
				042487D92D8EC31200963A7C /* HomeNavigator.swift */,
			);
			path = Home;
			sourceTree = "<group>";
		};
		042487D02D8EC18800963A7C /* Architecture */ = {
			isa = PBXGroup;
			children = (
				042487D12D8EC19A00963A7C /* Bindable.swift */,
				042487D32D8EC1BB00963A7C /* BaseViewController.swift */,
				042487E72D8EC77700963A7C /* BaseNavigationController.swift */,
			);
			path = Architecture;
			sourceTree = "<group>";
		};
		042487D52D8EC23500963A7C /* Entities */ = {
			isa = PBXGroup;
			children = (
				042487EB2D8FEADB00963A7C /* MovieResponse.swift */,
				042487ED2D8FEAE900963A7C /* Movie.swift */,
				042487EF2D8FEB2900963A7C /* Video.swift */,
				042487F12D8FEB3900963A7C /* VideoResponse.swift */,
				042487F32D8FEB5800963A7C /* MovieCredits.swift */,
				042487F52D8FEB8200963A7C /* Credits.swift */,
				042487F72D8FEB8F00963A7C /* Cast.swift */,
				042488052D903FF400963A7C /* Actor.swift */,
			);
			path = Entities;
			sourceTree = "<group>";
		};
		042487D62D8EC2DC00963A7C /* Repositories */ = {
			isa = PBXGroup;
			children = (
				042488032D903FCB00963A7C /* MovieRepository.swift */,
			);
			path = Repositories;
			sourceTree = "<group>";
		};
		042487F92D8FEBCF00963A7C /* Local */ = {
			isa = PBXGroup;
			children = (
				0424883A2D91018900963A7C /* CoreDataManager.swift */,
			);
			path = Local;
			sourceTree = "<group>";
		};
		042487FA2D8FEBD500963A7C /* API */ = {
			isa = PBXGroup;
			children = (
				042487FB2D8FEBE500963A7C /* APIService.swift */,
				042487FF2D8FEC4900963A7C /* Urls.swift */,
			);
			path = API;
			sourceTree = "<group>";
		};
		042488072D9042C900963A7C /* SearchCell */ = {
			isa = PBXGroup;
			children = (
				0424881A2D90585800963A7C /* SearchCell.swift */,
				0424881B2D90585800963A7C /* SearchCell.xib */,
			);
			path = SearchCell;
			sourceTree = "<group>";
		};
		042488082D9042D400963A7C /* MovieHeader */ = {
			isa = PBXGroup;
			children = (
				0424881E2D9059DD00963A7C /* MovieHeader.swift */,
				042488202D905A0000963A7C /* MovieHeader.xib */,
			);
			path = MovieHeader;
			sourceTree = "<group>";
		};
		042488092D9042DA00963A7C /* Cells */ = {
			isa = PBXGroup;
			children = (
				0424880E2D9042FD00963A7C /* MovieCollectionViewCell */,
				0424880A2D9042F300963A7C /* ListMovieTableViewCell.swift */,
				0424880B2D9042F300963A7C /* ListMovieTableViewCell.xib */,
			);
			path = Cells;
			sourceTree = "<group>";
		};
		0424880E2D9042FD00963A7C /* MovieCollectionViewCell */ = {
			isa = PBXGroup;
			children = (
				0424880F2D90431300963A7C /* MovieCollectionViewCell.swift */,
				042488102D90431300963A7C /* MovieCollectionViewCell.xib */,
			);
			path = MovieCollectionViewCell;
			sourceTree = "<group>";
		};
		042488222D90EA8500963A7C /* MovieDetail */ = {
			isa = PBXGroup;
			children = (
				042488442D91050200963A7C /* SimilarCell */,
				0424883F2D9103EB00963A7C /* MovieDetailInfoCell */,
				042488232D90EAA900963A7C /* MovieDetailViewController.swift */,
				042488242D90EAA900963A7C /* MovieDetailViewController.xib */,
				042488272D90EAB300963A7C /* MovieDetailViewModel.swift */,
				042488292D90EABF00963A7C /* MovieDetailUseCase.swift */,
				0424882B2D90EAC900963A7C /* MovieDetailNavigator.swift */,
			);
			path = MovieDetail;
			sourceTree = "<group>";
		};
		0424882D2D90ED5D00963A7C /* ListMovie */ = {
			isa = PBXGroup;
			children = (
				0424882E2D90ED7300963A7C /* ListMovieViewController.swift */,
				0424882F2D90ED7300963A7C /* ListMovieViewController.xib */,
				042488322D90ED8800963A7C /* ListMovieViewModel.swift */,
				042488342D90ED9200963A7C /* ListMovieUseCase.swift */,
				042488362D90ED9C00963A7C /* ListMovieNavigator.swift */,
			);
			path = ListMovie;
			sourceTree = "<group>";
		};
		0424883F2D9103EB00963A7C /* MovieDetailInfoCell */ = {
			isa = PBXGroup;
			children = (
				042488402D91042600963A7C /* MovieDetailInfoCell.swift */,
				042488412D91042600963A7C /* MovieDetailInfoCell.xib */,
			);
			path = MovieDetailInfoCell;
			sourceTree = "<group>";
		};
		042488442D91050200963A7C /* SimilarCell */ = {
			isa = PBXGroup;
			children = (
				042488452D91050C00963A7C /* TrailerCell */,
				0424884A2D91054200963A7C /* SimilarCell.swift */,
				0424884B2D91054200963A7C /* SimilarCell.xib */,
			);
			path = SimilarCell;
			sourceTree = "<group>";
		};
		042488452D91050C00963A7C /* TrailerCell */ = {
			isa = PBXGroup;
			children = (
				042488462D91052F00963A7C /* TrailerCell.swift */,
				042488472D91052F00963A7C /* TrailerCell.xib */,
			);
			path = TrailerCell;
			sourceTree = "<group>";
		};
		047A4A4C2D91151B007F1A23 /* FavoriteMovieCell */ = {
			isa = PBXGroup;
			children = (
				047A4A4D2D911558007F1A23 /* FavoriteMovieCell.swift */,
				047A4A4E2D911558007F1A23 /* FavoriteMovieCell.xib */,
			);
			path = FavoriteMovieCell;
			sourceTree = "<group>";
		};
/* End PBXGroup section */

/* Begin PBXNativeTarget section */
		0424877B2D8E426F00963A7C /* MovieBox */ = {
			isa = PBXNativeTarget;
			buildConfigurationList = 042487A62D8E427100963A7C /* Build configuration list for PBXNativeTarget "MovieBox" */;
			buildPhases = (
				042487782D8E426F00963A7C /* Sources */,
				042487792D8E426F00963A7C /* Frameworks */,
				0424877A2D8E426F00963A7C /* Resources */,
			);
			buildRules = (
			);
			dependencies = (
			);
			name = MovieBox;
			productName = MovieBox;
			productReference = 0424877C2D8E426F00963A7C /* MovieBox.app */;
			productType = "com.apple.product-type.application";
		};
		042487912D8E427100963A7C /* MovieBoxTests */ = {
			isa = PBXNativeTarget;
			buildConfigurationList = 042487A92D8E427100963A7C /* Build configuration list for PBXNativeTarget "MovieBoxTests" */;
			buildPhases = (
				0424878E2D8E427100963A7C /* Sources */,
				0424878F2D8E427100963A7C /* Frameworks */,
				042487902D8E427100963A7C /* Resources */,
			);
			buildRules = (
			);
			dependencies = (
				042487942D8E427100963A7C /* PBXTargetDependency */,
			);
			name = MovieBoxTests;
			productName = MovieBoxTests;
			productReference = 042487922D8E427100963A7C /* MovieBoxTests.xctest */;
			productType = "com.apple.product-type.bundle.unit-test";
		};
		0424879B2D8E427100963A7C /* MovieBoxUITests */ = {
			isa = PBXNativeTarget;
			buildConfigurationList = 042487AC2D8E427100963A7C /* Build configuration list for PBXNativeTarget "MovieBoxUITests" */;
			buildPhases = (
				042487982D8E427100963A7C /* Sources */,
				042487992D8E427100963A7C /* Frameworks */,
				0424879A2D8E427100963A7C /* Resources */,
			);
			buildRules = (
			);
			dependencies = (
				0424879E2D8E427100963A7C /* PBXTargetDependency */,
			);
			name = MovieBoxUITests;
			productName = MovieBoxUITests;
			productReference = 0424879C2D8E427100963A7C /* MovieBoxUITests.xctest */;
			productType = "com.apple.product-type.bundle.ui-testing";
		};
/* End PBXNativeTarget section */

/* Begin PBXProject section */
		042487742D8E426F00963A7C /* Project object */ = {
			isa = PBXProject;
			attributes = {
				BuildIndependentTargetsInParallel = 1;
				LastSwiftUpdateCheck = 1530;
				LastUpgradeCheck = 1530;
				TargetAttributes = {
					0424877B2D8E426F00963A7C = {
						CreatedOnToolsVersion = 15.3;
					};
					042487912D8E427100963A7C = {
						CreatedOnToolsVersion = 15.3;
						TestTargetID = 0424877B2D8E426F00963A7C;
					};
					0424879B2D8E427100963A7C = {
						CreatedOnToolsVersion = 15.3;
						TestTargetID = 0424877B2D8E426F00963A7C;
					};
				};
			};
			buildConfigurationList = 042487772D8E426F00963A7C /* Build configuration list for PBXProject "MovieBox" */;
			compatibilityVersion = "Xcode 14.0";
			developmentRegion = en;
			hasScannedForEncodings = 0;
			knownRegions = (
				en,
				Base,
			);
			mainGroup = 042487732D8E426F00963A7C;
			productRefGroup = 0424877D2D8E426F00963A7C /* Products */;
			projectDirPath = "";
			projectRoot = "";
			targets = (
				0424877B2D8E426F00963A7C /* MovieBox */,
				042487912D8E427100963A7C /* MovieBoxTests */,
				0424879B2D8E427100963A7C /* MovieBoxUITests */,
			);
		};
/* End PBXProject section */

/* Begin PBXResourcesBuildPhase section */
		0424877A2D8E426F00963A7C /* Resources */ = {
			isa = PBXResourcesBuildPhase;
			buildActionMask = 2147483647;
			files = (
				042488252D90EAA900963A7C /* MovieDetailViewController.xib in Resources */,
				0424880D2D9042F300963A7C /* ListMovieTableViewCell.xib in Resources */,
				042487892D8E427100963A7C /* Assets.xcassets in Resources */,
				042487C92D8EC14700963A7C /* SettingViewController.xib in Resources */,
				0424878C2D8E427100963A7C /* Base in Resources */,
				047A4A4F2D911558007F1A23 /* FavoriteMovieCell.xib in Resources */,
				0424884C2D91054200963A7C /* SimilarCell.xib in Resources */,
				042487C52D8EC13800963A7C /* FavoriteViewController.xib in Resources */,
				042488302D90ED7300963A7C /* ListMovieViewController.xib in Resources */,
				042488422D91042600963A7C /* MovieDetailInfoCell.xib in Resources */,
				042488212D905A0000963A7C /* MovieHeader.xib in Resources */,
				042488482D91052F00963A7C /* TrailerCell.xib in Resources */,
				0424881D2D90585800963A7C /* SearchCell.xib in Resources */,
				042487C12D8EC12000963A7C /* HomeViewController.xib in Resources */,
				042488122D90431300963A7C /* MovieCollectionViewCell.xib in Resources */,
			);
			runOnlyForDeploymentPostprocessing = 0;
		};
		042487902D8E427100963A7C /* Resources */ = {
			isa = PBXResourcesBuildPhase;
			buildActionMask = 2147483647;
			files = (
			);
			runOnlyForDeploymentPostprocessing = 0;
		};
		0424879A2D8E427100963A7C /* Resources */ = {
			isa = PBXResourcesBuildPhase;
			buildActionMask = 2147483647;
			files = (
			);
			runOnlyForDeploymentPostprocessing = 0;
		};
/* End PBXResourcesBuildPhase section */

/* Begin PBXSourcesBuildPhase section */
		042487782D8E426F00963A7C /* Sources */ = {
			isa = PBXSourcesBuildPhase;
			buildActionMask = 2147483647;
			files = (
				042487DC2D8EC31C00963A7C /* FavoriteUseCase.swift in Sources */,
				042487EC2D8FEADB00963A7C /* MovieResponse.swift in Sources */,
				042487C82D8EC14700963A7C /* SettingViewController.swift in Sources */,
				042487F42D8FEB5800963A7C /* MovieCredits.swift in Sources */,
				042488262D90EAA900963A7C /* MovieDetailViewController.swift in Sources */,
				042488182D904DFD00963A7C /* HomeSectionType.swift in Sources */,
				042487F82D8FEB8F00963A7C /* Cast.swift in Sources */,
				042487CB2D8EC15000963A7C /* HomeViewModel.swift in Sources */,
				042488312D90ED7300963A7C /* ListMovieViewController.swift in Sources */,
				042487802D8E426F00963A7C /* AppDelegate.swift in Sources */,
				0424881C2D90585800963A7C /* SearchCell.swift in Sources */,
				042487FC2D8FEBE500963A7C /* APIService.swift in Sources */,
				042488042D903FCB00963A7C /* MovieRepository.swift in Sources */,
				042487CF2D8EC16900963A7C /* SettingViewModel.swift in Sources */,
				042487822D8E426F00963A7C /* SceneDelegate.swift in Sources */,
				0424881F2D9059DD00963A7C /* MovieHeader.swift in Sources */,
				042487F62D8FEB8200963A7C /* Credits.swift in Sources */,
				0424884D2D91054200963A7C /* SimilarCell.swift in Sources */,
				042488352D90ED9200963A7C /* ListMovieUseCase.swift in Sources */,
				042487F02D8FEB2900963A7C /* Video.swift in Sources */,
				042488062D903FF400963A7C /* Actor.swift in Sources */,
				042487E82D8EC77700963A7C /* BaseNavigationController.swift in Sources */,
				042487FE2D8FEC0E00963A7C /* NetworkMonitor.swift in Sources */,
				042488372D90ED9C00963A7C /* ListMovieNavigator.swift in Sources */,
				042487D42D8EC1BB00963A7C /* BaseViewController.swift in Sources */,
				042488392D90F4F600963A7C /* Constants.swift in Sources */,
				042487E02D8EC32F00963A7C /* SettingUseCase.swift in Sources */,
				042488522D910C4F00963A7C /* MovieFavor.xcdatamodeld in Sources */,
				042488162D904C4400963A7C /* UIViewController+Extension.swift in Sources */,
				042487E62D8EC6E000963A7C /* TabbarViewController.swift in Sources */,
				042488002D8FEC4900963A7C /* Urls.swift in Sources */,
				0424882A2D90EABF00963A7C /* MovieDetailUseCase.swift in Sources */,
				0424883B2D91018900963A7C /* CoreDataManager.swift in Sources */,
				042487C42D8EC13800963A7C /* FavoriteViewController.swift in Sources */,
				042487C02D8EC12000963A7C /* HomeViewController.swift in Sources */,
				0424880C2D9042F300963A7C /* ListMovieTableViewCell.swift in Sources */,
				042487E22D8EC33A00963A7C /* SettingNavigator.swift in Sources */,
				042487EE2D8FEAE900963A7C /* Movie.swift in Sources */,
				0424882C2D90EAC900963A7C /* MovieDetailNavigator.swift in Sources */,
				0424884F2D91089600963A7C /* MovieDetailSectionType.swift in Sources */,
				042487DE2D8EC32600963A7C /* FavoriteNavigator.swift in Sources */,
				042487CD2D8EC15F00963A7C /* FavoriteViewModel.swift in Sources */,
				042488492D91052F00963A7C /* TrailerCell.swift in Sources */,
				042487F22D8FEB3900963A7C /* VideoResponse.swift in Sources */,
				042487D82D8EC30700963A7C /* HomeUseCase.swift in Sources */,
				042487DA2D8EC31200963A7C /* HomeNavigator.swift in Sources */,
				047A4A502D911558007F1A23 /* FavoriteMovieCell.swift in Sources */,
				042488112D90431300963A7C /* MovieCollectionViewCell.swift in Sources */,
				042488282D90EAB300963A7C /* MovieDetailViewModel.swift in Sources */,
				042487E42D8EC6D300963A7C /* TabbarItems.swift in Sources */,
				042488142D9044F000963A7C /* UIImageView+Extension.swift in Sources */,
				042487D22D8EC19A00963A7C /* Bindable.swift in Sources */,
				042488332D90ED8800963A7C /* ListMovieViewModel.swift in Sources */,
				042488432D91042600963A7C /* MovieDetailInfoCell.swift in Sources */,
			);
			runOnlyForDeploymentPostprocessing = 0;
		};
		0424878E2D8E427100963A7C /* Sources */ = {
			isa = PBXSourcesBuildPhase;
			buildActionMask = 2147483647;
			files = (
				042487972D8E427100963A7C /* MovieBoxTests.swift in Sources */,
			);
			runOnlyForDeploymentPostprocessing = 0;
		};
		042487982D8E427100963A7C /* Sources */ = {
			isa = PBXSourcesBuildPhase;
			buildActionMask = 2147483647;
			files = (
				042487A32D8E427100963A7C /* MovieBoxUITestsLaunchTests.swift in Sources */,
				042487A12D8E427100963A7C /* MovieBoxUITests.swift in Sources */,
			);
			runOnlyForDeploymentPostprocessing = 0;
		};
/* End PBXSourcesBuildPhase section */

/* Begin PBXTargetDependency section */
		042487942D8E427100963A7C /* PBXTargetDependency */ = {
			isa = PBXTargetDependency;
			target = 0424877B2D8E426F00963A7C /* MovieBox */;
			targetProxy = 042487932D8E427100963A7C /* PBXContainerItemProxy */;
		};
		0424879E2D8E427100963A7C /* PBXTargetDependency */ = {
			isa = PBXTargetDependency;
			target = 0424877B2D8E426F00963A7C /* MovieBox */;
			targetProxy = 0424879D2D8E427100963A7C /* PBXContainerItemProxy */;
		};
/* End PBXTargetDependency section */

/* Begin PBXVariantGroup section */
		0424878A2D8E427100963A7C /* LaunchScreen.storyboard */ = {
			isa = PBXVariantGroup;
			children = (
				0424878B2D8E427100963A7C /* Base */,
			);
			name = LaunchScreen.storyboard;
			sourceTree = "<group>";
		};
/* End PBXVariantGroup section */

/* Begin XCBuildConfiguration section */
		042487A42D8E427100963A7C /* Debug */ = {
			isa = XCBuildConfiguration;
			baseConfigurationReference = 042488192D904F5900963A7C /* AppConfig.xcconfig */;
			buildSettings = {
				ALWAYS_SEARCH_USER_PATHS = NO;
				ASSETCATALOG_COMPILER_GENERATE_SWIFT_ASSET_SYMBOL_EXTENSIONS = YES;
				CLANG_ANALYZER_NONNULL = YES;
				CLANG_ANALYZER_NUMBER_OBJECT_CONVERSION = YES_AGGRESSIVE;
				CLANG_CXX_LANGUAGE_STANDARD = "gnu++20";
				CLANG_ENABLE_MODULES = YES;
				CLANG_ENABLE_OBJC_ARC = YES;
				CLANG_ENABLE_OBJC_WEAK = YES;
				CLANG_WARN_BLOCK_CAPTURE_AUTORELEASING = YES;
				CLANG_WARN_BOOL_CONVERSION = YES;
				CLANG_WARN_COMMA = YES;
				CLANG_WARN_CONSTANT_CONVERSION = YES;
				CLANG_WARN_DEPRECATED_OBJC_IMPLEMENTATIONS = YES;
				CLANG_WARN_DIRECT_OBJC_ISA_USAGE = YES_ERROR;
				CLANG_WARN_DOCUMENTATION_COMMENTS = YES;
				CLANG_WARN_EMPTY_BODY = YES;
				CLANG_WARN_ENUM_CONVERSION = YES;
				CLANG_WARN_INFINITE_RECURSION = YES;
				CLANG_WARN_INT_CONVERSION = YES;
				CLANG_WARN_NON_LITERAL_NULL_CONVERSION = YES;
				CLANG_WARN_OBJC_IMPLICIT_RETAIN_SELF = YES;
				CLANG_WARN_OBJC_LITERAL_CONVERSION = YES;
				CLANG_WARN_OBJC_ROOT_CLASS = YES_ERROR;
				CLANG_WARN_QUOTED_INCLUDE_IN_FRAMEWORK_HEADER = YES;
				CLANG_WARN_RANGE_LOOP_ANALYSIS = YES;
				CLANG_WARN_STRICT_PROTOTYPES = YES;
				CLANG_WARN_SUSPICIOUS_MOVE = YES;
				CLANG_WARN_UNGUARDED_AVAILABILITY = YES_AGGRESSIVE;
				CLANG_WARN_UNREACHABLE_CODE = YES;
				CLANG_WARN__DUPLICATE_METHOD_MATCH = YES;
				COPY_PHASE_STRIP = NO;
				DEBUG_INFORMATION_FORMAT = dwarf;
				ENABLE_STRICT_OBJC_MSGSEND = YES;
				ENABLE_TESTABILITY = YES;
				ENABLE_USER_SCRIPT_SANDBOXING = YES;
				GCC_C_LANGUAGE_STANDARD = gnu17;
				GCC_DYNAMIC_NO_PIC = NO;
				GCC_NO_COMMON_BLOCKS = YES;
				GCC_OPTIMIZATION_LEVEL = 0;
				GCC_PREPROCESSOR_DEFINITIONS = (
					"DEBUG=1",
					"$(inherited)",
				);
				GCC_WARN_64_TO_32_BIT_CONVERSION = YES;
				GCC_WARN_ABOUT_RETURN_TYPE = YES_ERROR;
				GCC_WARN_UNDECLARED_SELECTOR = YES;
				GCC_WARN_UNINITIALIZED_AUTOS = YES_AGGRESSIVE;
				GCC_WARN_UNUSED_FUNCTION = YES;
				GCC_WARN_UNUSED_VARIABLE = YES;
				IPHONEOS_DEPLOYMENT_TARGET = 17.4;
				LOCALIZATION_PREFERS_STRING_CATALOGS = YES;
				MTL_ENABLE_DEBUG_INFO = INCLUDE_SOURCE;
				MTL_FAST_MATH = YES;
				ONLY_ACTIVE_ARCH = YES;
				SDKROOT = iphoneos;
				SWIFT_ACTIVE_COMPILATION_CONDITIONS = "DEBUG $(inherited)";
				SWIFT_OPTIMIZATION_LEVEL = "-Onone";
			};
			name = Debug;
		};
		042487A52D8E427100963A7C /* Release */ = {
			isa = XCBuildConfiguration;
			buildSettings = {
				ALWAYS_SEARCH_USER_PATHS = NO;
				ASSETCATALOG_COMPILER_GENERATE_SWIFT_ASSET_SYMBOL_EXTENSIONS = YES;
				CLANG_ANALYZER_NONNULL = YES;
				CLANG_ANALYZER_NUMBER_OBJECT_CONVERSION = YES_AGGRESSIVE;
				CLANG_CXX_LANGUAGE_STANDARD = "gnu++20";
				CLANG_ENABLE_MODULES = YES;
				CLANG_ENABLE_OBJC_ARC = YES;
				CLANG_ENABLE_OBJC_WEAK = YES;
				CLANG_WARN_BLOCK_CAPTURE_AUTORELEASING = YES;
				CLANG_WARN_BOOL_CONVERSION = YES;
				CLANG_WARN_COMMA = YES;
				CLANG_WARN_CONSTANT_CONVERSION = YES;
				CLANG_WARN_DEPRECATED_OBJC_IMPLEMENTATIONS = YES;
				CLANG_WARN_DIRECT_OBJC_ISA_USAGE = YES_ERROR;
				CLANG_WARN_DOCUMENTATION_COMMENTS = YES;
				CLANG_WARN_EMPTY_BODY = YES;
				CLANG_WARN_ENUM_CONVERSION = YES;
				CLANG_WARN_INFINITE_RECURSION = YES;
				CLANG_WARN_INT_CONVERSION = YES;
				CLANG_WARN_NON_LITERAL_NULL_CONVERSION = YES;
				CLANG_WARN_OBJC_IMPLICIT_RETAIN_SELF = YES;
				CLANG_WARN_OBJC_LITERAL_CONVERSION = YES;
				CLANG_WARN_OBJC_ROOT_CLASS = YES_ERROR;
				CLANG_WARN_QUOTED_INCLUDE_IN_FRAMEWORK_HEADER = YES;
				CLANG_WARN_RANGE_LOOP_ANALYSIS = YES;
				CLANG_WARN_STRICT_PROTOTYPES = YES;
				CLANG_WARN_SUSPICIOUS_MOVE = YES;
				CLANG_WARN_UNGUARDED_AVAILABILITY = YES_AGGRESSIVE;
				CLANG_WARN_UNREACHABLE_CODE = YES;
				CLANG_WARN__DUPLICATE_METHOD_MATCH = YES;
				COPY_PHASE_STRIP = NO;
				DEBUG_INFORMATION_FORMAT = "dwarf-with-dsym";
				ENABLE_NS_ASSERTIONS = NO;
				ENABLE_STRICT_OBJC_MSGSEND = YES;
				ENABLE_USER_SCRIPT_SANDBOXING = YES;
				GCC_C_LANGUAGE_STANDARD = gnu17;
				GCC_NO_COMMON_BLOCKS = YES;
				GCC_WARN_64_TO_32_BIT_CONVERSION = YES;
				GCC_WARN_ABOUT_RETURN_TYPE = YES_ERROR;
				GCC_WARN_UNDECLARED_SELECTOR = YES;
				GCC_WARN_UNINITIALIZED_AUTOS = YES_AGGRESSIVE;
				GCC_WARN_UNUSED_FUNCTION = YES;
				GCC_WARN_UNUSED_VARIABLE = YES;
				IPHONEOS_DEPLOYMENT_TARGET = 17.4;
				LOCALIZATION_PREFERS_STRING_CATALOGS = YES;
				MTL_ENABLE_DEBUG_INFO = NO;
				MTL_FAST_MATH = YES;
				SDKROOT = iphoneos;
				SWIFT_COMPILATION_MODE = wholemodule;
				VALIDATE_PRODUCT = YES;
			};
			name = Release;
		};
		042487A72D8E427100963A7C /* Debug */ = {
			isa = XCBuildConfiguration;
			baseConfigurationReference = 042488192D904F5900963A7C /* AppConfig.xcconfig */;
			buildSettings = {
				ASSETCATALOG_COMPILER_APPICON_NAME = AppIcon;
				ASSETCATALOG_COMPILER_GLOBAL_ACCENT_COLOR_NAME = AccentColor;
				CODE_SIGN_STYLE = Automatic;
				CURRENT_PROJECT_VERSION = 1;
				DEVELOPMENT_TEAM = ARMM6255RH;
				GENERATE_INFOPLIST_FILE = YES;
				INFOPLIST_FILE = MovieBox/Info.plist;
				INFOPLIST_KEY_UIApplicationSupportsIndirectInputEvents = YES;
				INFOPLIST_KEY_UILaunchStoryboardName = LaunchScreen;
				INFOPLIST_KEY_UISupportedInterfaceOrientations_iPad = "UIInterfaceOrientationPortrait UIInterfaceOrientationPortraitUpsideDown UIInterfaceOrientationLandscapeLeft UIInterfaceOrientationLandscapeRight";
				INFOPLIST_KEY_UISupportedInterfaceOrientations_iPhone = "UIInterfaceOrientationPortrait UIInterfaceOrientationLandscapeLeft UIInterfaceOrientationLandscapeRight";
				LD_RUNPATH_SEARCH_PATHS = (
					"$(inherited)",
					"@executable_path/Frameworks",
				);
				MARKETING_VERSION = 1.0;
				PRODUCT_BUNDLE_IDENTIFIER = duy0312.MovieBox;
				PRODUCT_NAME = "$(TARGET_NAME)";
				SWIFT_EMIT_LOC_STRINGS = YES;
				SWIFT_VERSION = 5.0;
				TARGETED_DEVICE_FAMILY = "1,2";
			};
			name = Debug;
		};
		042487A82D8E427100963A7C /* Release */ = {
			isa = XCBuildConfiguration;
			buildSettings = {
				ASSETCATALOG_COMPILER_APPICON_NAME = AppIcon;
				ASSETCATALOG_COMPILER_GLOBAL_ACCENT_COLOR_NAME = AccentColor;
				CODE_SIGN_STYLE = Automatic;
				CURRENT_PROJECT_VERSION = 1;
				DEVELOPMENT_TEAM = ARMM6255RH;
				GENERATE_INFOPLIST_FILE = YES;
				INFOPLIST_FILE = MovieBox/Info.plist;
				INFOPLIST_KEY_UIApplicationSupportsIndirectInputEvents = YES;
				INFOPLIST_KEY_UILaunchStoryboardName = LaunchScreen;
				INFOPLIST_KEY_UISupportedInterfaceOrientations_iPad = "UIInterfaceOrientationPortrait UIInterfaceOrientationPortraitUpsideDown UIInterfaceOrientationLandscapeLeft UIInterfaceOrientationLandscapeRight";
				INFOPLIST_KEY_UISupportedInterfaceOrientations_iPhone = "UIInterfaceOrientationPortrait UIInterfaceOrientationLandscapeLeft UIInterfaceOrientationLandscapeRight";
				LD_RUNPATH_SEARCH_PATHS = (
					"$(inherited)",
					"@executable_path/Frameworks",
				);
				MARKETING_VERSION = 1.0;
				PRODUCT_BUNDLE_IDENTIFIER = duy0312.MovieBox;
				PRODUCT_NAME = "$(TARGET_NAME)";
				SWIFT_EMIT_LOC_STRINGS = YES;
				SWIFT_VERSION = 5.0;
				TARGETED_DEVICE_FAMILY = "1,2";
			};
			name = Release;
		};
		042487AA2D8E427100963A7C /* Debug */ = {
			isa = XCBuildConfiguration;
			baseConfigurationReference = 042488192D904F5900963A7C /* AppConfig.xcconfig */;
			buildSettings = {
				ALWAYS_EMBED_SWIFT_STANDARD_LIBRARIES = YES;
				BUNDLE_LOADER = "$(TEST_HOST)";
				CODE_SIGN_STYLE = Automatic;
				CURRENT_PROJECT_VERSION = 1;
				DEVELOPMENT_TEAM = ARMM6255RH;
				GENERATE_INFOPLIST_FILE = YES;
				IPHONEOS_DEPLOYMENT_TARGET = 17.4;
				MARKETING_VERSION = 1.0;
				PRODUCT_BUNDLE_IDENTIFIER = duy0312.MovieBoxTests;
				PRODUCT_NAME = "$(TARGET_NAME)";
				SWIFT_EMIT_LOC_STRINGS = NO;
				SWIFT_VERSION = 5.0;
				TARGETED_DEVICE_FAMILY = "1,2";
				TEST_HOST = "$(BUILT_PRODUCTS_DIR)/MovieBox.app/$(BUNDLE_EXECUTABLE_FOLDER_PATH)/MovieBox";
			};
			name = Debug;
		};
		042487AB2D8E427100963A7C /* Release */ = {
			isa = XCBuildConfiguration;
			buildSettings = {
				ALWAYS_EMBED_SWIFT_STANDARD_LIBRARIES = YES;
				BUNDLE_LOADER = "$(TEST_HOST)";
				CODE_SIGN_STYLE = Automatic;
				CURRENT_PROJECT_VERSION = 1;
				DEVELOPMENT_TEAM = ARMM6255RH;
				GENERATE_INFOPLIST_FILE = YES;
				IPHONEOS_DEPLOYMENT_TARGET = 17.4;
				MARKETING_VERSION = 1.0;
				PRODUCT_BUNDLE_IDENTIFIER = duy0312.MovieBoxTests;
				PRODUCT_NAME = "$(TARGET_NAME)";
				SWIFT_EMIT_LOC_STRINGS = NO;
				SWIFT_VERSION = 5.0;
				TARGETED_DEVICE_FAMILY = "1,2";
				TEST_HOST = "$(BUILT_PRODUCTS_DIR)/MovieBox.app/$(BUNDLE_EXECUTABLE_FOLDER_PATH)/MovieBox";
			};
			name = Release;
		};
		042487AD2D8E427100963A7C /* Debug */ = {
			isa = XCBuildConfiguration;
			baseConfigurationReference = 042488192D904F5900963A7C /* AppConfig.xcconfig */;
			buildSettings = {
				ALWAYS_EMBED_SWIFT_STANDARD_LIBRARIES = YES;
				CODE_SIGN_STYLE = Automatic;
				CURRENT_PROJECT_VERSION = 1;
				DEVELOPMENT_TEAM = ARMM6255RH;
				GENERATE_INFOPLIST_FILE = YES;
				MARKETING_VERSION = 1.0;
				PRODUCT_BUNDLE_IDENTIFIER = duy0312.MovieBoxUITests;
				PRODUCT_NAME = "$(TARGET_NAME)";
				SWIFT_EMIT_LOC_STRINGS = NO;
				SWIFT_VERSION = 5.0;
				TARGETED_DEVICE_FAMILY = "1,2";
				TEST_TARGET_NAME = MovieBox;
			};
			name = Debug;
		};
		042487AE2D8E427100963A7C /* Release */ = {
			isa = XCBuildConfiguration;
			buildSettings = {
				ALWAYS_EMBED_SWIFT_STANDARD_LIBRARIES = YES;
				CODE_SIGN_STYLE = Automatic;
				CURRENT_PROJECT_VERSION = 1;
				DEVELOPMENT_TEAM = ARMM6255RH;
				GENERATE_INFOPLIST_FILE = YES;
				MARKETING_VERSION = 1.0;
				PRODUCT_BUNDLE_IDENTIFIER = duy0312.MovieBoxUITests;
				PRODUCT_NAME = "$(TARGET_NAME)";
				SWIFT_EMIT_LOC_STRINGS = NO;
				SWIFT_VERSION = 5.0;
				TARGETED_DEVICE_FAMILY = "1,2";
				TEST_TARGET_NAME = MovieBox;
			};
			name = Release;
		};
/* End XCBuildConfiguration section */

/* Begin XCConfigurationList section */
		042487772D8E426F00963A7C /* Build configuration list for PBXProject "MovieBox" */ = {
			isa = XCConfigurationList;
			buildConfigurations = (
				042487A42D8E427100963A7C /* Debug */,
				042487A52D8E427100963A7C /* Release */,
			);
			defaultConfigurationIsVisible = 0;
			defaultConfigurationName = Release;
		};
		042487A62D8E427100963A7C /* Build configuration list for PBXNativeTarget "MovieBox" */ = {
			isa = XCConfigurationList;
			buildConfigurations = (
				042487A72D8E427100963A7C /* Debug */,
				042487A82D8E427100963A7C /* Release */,
			);
			defaultConfigurationIsVisible = 0;
			defaultConfigurationName = Release;
		};
		042487A92D8E427100963A7C /* Build configuration list for PBXNativeTarget "MovieBoxTests" */ = {
			isa = XCConfigurationList;
			buildConfigurations = (
				042487AA2D8E427100963A7C /* Debug */,
				042487AB2D8E427100963A7C /* Release */,
			);
			defaultConfigurationIsVisible = 0;
			defaultConfigurationName = Release;
		};
		042487AC2D8E427100963A7C /* Build configuration list for PBXNativeTarget "MovieBoxUITests" */ = {
			isa = XCConfigurationList;
			buildConfigurations = (
				042487AD2D8E427100963A7C /* Debug */,
				042487AE2D8E427100963A7C /* Release */,
			);
			defaultConfigurationIsVisible = 0;
			defaultConfigurationName = Release;
		};
/* End XCConfigurationList section */

/* Begin XCVersionGroup section */
		042488502D910C4E00963A7C /* MovieFavor.xcdatamodeld */ = {
			isa = XCVersionGroup;
			children = (
				042488512D910C4E00963A7C /* MovieFavor.xcdatamodel */,
			);
			currentVersion = 042488512D910C4E00963A7C /* MovieFavor.xcdatamodel */;
			name = MovieFavor.xcdatamodeld;
			path = /Users/duynguyen/Desktop/MovieBox/MovieFavor.xcdatamodeld;
			sourceTree = "<group>";
			versionGroupType = wrapper.xcdatamodel;
		};
/* End XCVersionGroup section */
	};
	rootObject = 042487742D8E426F00963A7C /* Project object */;
}
